
Microsoft Visual Studio Solution File, Format Version 12.00
# Visual Studio Version 17
VisualStudioVersion = 17.4.33403.182
MinimumVisualStudioVersion = 10.0.40219.1
Project("{FAE04EC0-301F-11D3-BF4B-00C04F79EFBC}") = "Task 5", "Task 5\Task 5.csproj", "{8882A70C-1640-4FEB-8C4C-89943E9A899B}"
EndProject
Global
	GlobalSection(SolutionConfigurationPlatforms) = preSolution
		Debug|Any CPU = Debug|Any CPU
		Release|Any CPU = Release|Any CPU
	EndGlobalSection
	GlobalSection(ProjectConfigurationPlatforms) = postSolution
		{8882A70C-1640-4FEB-8C4C-89943E9A899B}.Debug|Any CPU.ActiveCfg = Debug|Any CPU
		{8882A70C-1640-4FEB-8C4C-89943E9A899B}.Debug|Any CPU.Build.0 = Debug|Any CPU
		{8882A70C-1640-4FEB-8C4C-89943E9A899B}.Release|Any CPU.ActiveCfg = Release|Any CPU
		{8882A70C-1640-4FEB-8C4C-89943E9A899B}.Release|Any CPU.Build.0 = Release|Any CPU
	EndGlobalSection
	GlobalSection(SolutionProperties) = preSolution
		HideSolutionNode = FALSE
	EndGlobalSection
	GlobalSection(ExtensibilityGlobals) = postSolution
		SolutionGuid = {67EFF9C2-0856-4D17-B353-0F7B5FD82A6F}
	EndGlobalSection
EndGlobal
