
Microsoft Visual Studio Solution File, Format Version 12.00
# Visual Studio Version 17
VisualStudioVersion = 17.4.33403.182
MinimumVisualStudioVersion = 10.0.40219.1
Project("{FAE04EC0-301F-11D3-BF4B-00C04F79EFBC}") = "Task 4", "Task 4\Task 4.csproj", "{43CBAD5A-1AFA-4A0D-89C3-6DD673AE76D6}"
EndProject
Global
	GlobalSection(SolutionConfigurationPlatforms) = preSolution
		Debug|Any CPU = Debug|Any CPU
		Release|Any CPU = Release|Any CPU
	EndGlobalSection
	GlobalSection(ProjectConfigurationPlatforms) = postSolution
		{43CBAD5A-1AFA-4A0D-89C3-6DD673AE76D6}.Debug|Any CPU.ActiveCfg = Debug|Any CPU
		{43CBAD5A-1AFA-4A0D-89C3-6DD673AE76D6}.Debug|Any CPU.Build.0 = Debug|Any CPU
		{43CBAD5A-1AFA-4A0D-89C3-6DD673AE76D6}.Release|Any CPU.ActiveCfg = Release|Any CPU
		{43CBAD5A-1AFA-4A0D-89C3-6DD673AE76D6}.Release|Any CPU.Build.0 = Release|Any CPU
	EndGlobalSection
	GlobalSection(SolutionProperties) = preSolution
		HideSolutionNode = FALSE
	EndGlobalSection
	GlobalSection(ExtensibilityGlobals) = postSolution
		SolutionGuid = {0B4B2AB5-B5FC-4DB9-AD43-BB8BF8A87533}
	EndGlobalSection
EndGlobal
